
Microsoft Visual Studio Solution File, Format Version 12.00
# Visual Studio Version 17
VisualStudioVersion = 17.9.34728.123
MinimumVisualStudioVersion = 10.0.40219.1
Project("{FAE04EC0-301F-11D3-BF4B-00C04F79EFBC}") = "InterfaceMatMod", "InterfaceMatMod.csproj", "{9FFE925B-6BE8-40A3-8972-6E94098E8BFD}"
EndProject
Project("{2150E333-8FDC-42A3-9474-1A3956D46DE8}") = "Элементы решения", "Элементы решения", "{B944F9D2-5C1C-4567-85DA-4DBD5EAB4596}"
	ProjectSection(SolutionItems) = preProject
		bin\Debug\input.txt = bin\Debug\input.txt
		bin\Debug\output.txt = bin\Debug\output.txt
	EndProjectSection
EndProject
Global
	GlobalSection(SolutionConfigurationPlatforms) = preSolution
		Debug|Any CPU = Debug|Any CPU
		Release|Any CPU = Release|Any CPU
	EndGlobalSection
	GlobalSection(ProjectConfigurationPlatforms) = postSolution
		{9FFE925B-6BE8-40A3-8972-6E94098E8BFD}.Debug|Any CPU.ActiveCfg = Debug|Any CPU
		{9FFE925B-6BE8-40A3-8972-6E94098E8BFD}.Debug|Any CPU.Build.0 = Debug|Any CPU
		{9FFE925B-6BE8-40A3-8972-6E94098E8BFD}.Release|Any CPU.ActiveCfg = Release|Any CPU
		{9FFE925B-6BE8-40A3-8972-6E94098E8BFD}.Release|Any CPU.Build.0 = Release|Any CPU
	EndGlobalSection
	GlobalSection(SolutionProperties) = preSolution
		HideSolutionNode = FALSE
	EndGlobalSection
	GlobalSection(ExtensibilityGlobals) = postSolution
		SolutionGuid = {B39C8CB4-339B-4B87-A526-8157B739B533}
	EndGlobalSection
EndGlobal
